// !$*UTF8*$!
{
	archiveVersion = 1;
	classes = {
	};
	objectVersion = 55;
	objects = {

/* Begin PBXBuildFile section */
		1AF15684C3143E08D1A586B9 /* Pods_chattingAppTests.framework in Frameworks */ = {isa = PBXBuildFile; fileRef = EF7C13F1014CE0EFCDBA786F /* Pods_chattingAppTests.framework */; };
		56C16564F24F7F7E254E6E75 /* Pods_chattingApp_chattingAppUITests.framework in Frameworks */ = {isa = PBXBuildFile; fileRef = 1EDA7A3908539D71FE81C8AA /* Pods_chattingApp_chattingAppUITests.framework */; };
		A4C9BB09FACCC408EFC00578 /* Pods_chattingApp.framework in Frameworks */ = {isa = PBXBuildFile; fileRef = C87FAC5081F66E432D5D9592 /* Pods_chattingApp.framework */; };
		FA094BFD29A2C4CA0046288A /* LoginPageUseCase.swift in Sources */ = {isa = PBXBuildFile; fileRef = FA094BFC29A2C4CA0046288A /* LoginPageUseCase.swift */; };
		FA094BFF29A2CD470046288A /* MessagesMainPageUseCase.swift in Sources */ = {isa = PBXBuildFile; fileRef = FA094BFE29A2CD470046288A /* MessagesMainPageUseCase.swift */; };
		FA18810729AF380F00CDCB53 /* Message.swift in Sources */ = {isa = PBXBuildFile; fileRef = FA18810629AF380F00CDCB53 /* Message.swift */; };
		FA18810929AF399500CDCB53 /* MessageSenderUseCase.swift in Sources */ = {isa = PBXBuildFile; fileRef = FA18810829AF399500CDCB53 /* MessageSenderUseCase.swift */; };
		FA18810B29AF3DD700CDCB53 /* Identifiers.swift in Sources */ = {isa = PBXBuildFile; fileRef = FA18810A29AF3DD700CDCB53 /* Identifiers.swift */; };
		FA18810D29AF403700CDCB53 /* MessagesLoadUseCase.swift in Sources */ = {isa = PBXBuildFile; fileRef = FA18810C29AF403700CDCB53 /* MessagesLoadUseCase.swift */; };
		FA29DDFE29A2158E00D032B7 /* AppDelegate.swift in Sources */ = {isa = PBXBuildFile; fileRef = FA29DDFD29A2158E00D032B7 /* AppDelegate.swift */; };
		FA29DE0029A2158E00D032B7 /* SceneDelegate.swift in Sources */ = {isa = PBXBuildFile; fileRef = FA29DDFF29A2158E00D032B7 /* SceneDelegate.swift */; };
		FA29DE0229A2158E00D032B7 /* LoginPageViewController.swift in Sources */ = {isa = PBXBuildFile; fileRef = FA29DE0129A2158E00D032B7 /* LoginPageViewController.swift */; };
		FA29DE0729A2159400D032B7 /* Assets.xcassets in Resources */ = {isa = PBXBuildFile; fileRef = FA29DE0629A2159400D032B7 /* Assets.xcassets */; };
		FA29DE0A29A2159400D032B7 /* LaunchScreen.storyboard in Resources */ = {isa = PBXBuildFile; fileRef = FA29DE0829A2159400D032B7 /* LaunchScreen.storyboard */; };
		FA29DE1529A2159400D032B7 /* chattingAppTests.swift in Sources */ = {isa = PBXBuildFile; fileRef = FA29DE1429A2159400D032B7 /* chattingAppTests.swift */; };
		FA29DE1F29A2159400D032B7 /* chattingAppUITests.swift in Sources */ = {isa = PBXBuildFile; fileRef = FA29DE1E29A2159400D032B7 /* chattingAppUITests.swift */; };
		FA29DE2129A2159400D032B7 /* chattingAppUITestsLaunchTests.swift in Sources */ = {isa = PBXBuildFile; fileRef = FA29DE2029A2159400D032B7 /* chattingAppUITestsLaunchTests.swift */; };
		FA29DE3429A2186500D032B7 /* LoginPagePresentation.swift in Sources */ = {isa = PBXBuildFile; fileRef = FA29DE3329A2186500D032B7 /* LoginPagePresentation.swift */; };
		FA29DE3629A2187200D032B7 /* LoginPagePresenter.swift in Sources */ = {isa = PBXBuildFile; fileRef = FA29DE3529A2187200D032B7 /* LoginPagePresenter.swift */; };
		FA29DE3829A2188100D032B7 /* LoginPageRouter.swift in Sources */ = {isa = PBXBuildFile; fileRef = FA29DE3729A2188100D032B7 /* LoginPageRouter.swift */; };
		FA29DE3A29A2190300D032B7 /* LoginPageViewContract.swift in Sources */ = {isa = PBXBuildFile; fileRef = FA29DE3929A2190300D032B7 /* LoginPageViewContract.swift */; };
		FA29DE4129A227DF00D032B7 /* HomePageRouter.swift in Sources */ = {isa = PBXBuildFile; fileRef = FA29DE4029A227DF00D032B7 /* HomePageRouter.swift */; };
		FA29DE4329A2287100D032B7 /* HomePageViewController.swift in Sources */ = {isa = PBXBuildFile; fileRef = FA29DE4229A2287100D032B7 /* HomePageViewController.swift */; };
		FA29DE4529A228F000D032B7 /* HomePagePresenter.swift in Sources */ = {isa = PBXBuildFile; fileRef = FA29DE4429A228F000D032B7 /* HomePagePresenter.swift */; };
		FA3D706229AD66BF00BC00FA /* MessageTableViewCell.swift in Sources */ = {isa = PBXBuildFile; fileRef = FA3D706129AD66BF00BC00FA /* MessageTableViewCell.swift */; };
		FA7EC15529A255C100993F24 /* GoogleService-Info.plist in Resources */ = {isa = PBXBuildFile; fileRef = FA7EC15429A255C100993F24 /* GoogleService-Info.plist */; };
		FA99005F29A2605B001381EA /* ColorsExtensions.swift in Sources */ = {isa = PBXBuildFile; fileRef = FA99005E29A2605B001381EA /* ColorsExtensions.swift */; };
		FA99006529A26930001381EA /* RegisterPageViewController.swift in Sources */ = {isa = PBXBuildFile; fileRef = FA99006429A26930001381EA /* RegisterPageViewController.swift */; };
		FA99006729A26952001381EA /* RegisterPageViewContract.swift in Sources */ = {isa = PBXBuildFile; fileRef = FA99006629A26952001381EA /* RegisterPageViewContract.swift */; };
		FA99006929A26991001381EA /* RegisterPagePresenter.swift in Sources */ = {isa = PBXBuildFile; fileRef = FA99006829A26991001381EA /* RegisterPagePresenter.swift */; };
		FA99006B29A269CB001381EA /* RegisterPageRouter.swift in Sources */ = {isa = PBXBuildFile; fileRef = FA99006A29A269CB001381EA /* RegisterPageRouter.swift */; };
		FA99006E29A272B2001381EA /* TextFieldExtensions.swift in Sources */ = {isa = PBXBuildFile; fileRef = FA99006D29A272B2001381EA /* TextFieldExtensions.swift */; };
		FA99007129A28C09001381EA /* RegisterPageUseCase.swift in Sources */ = {isa = PBXBuildFile; fileRef = FA99007029A28C09001381EA /* RegisterPageUseCase.swift */; };
		FA99007829A29417001381EA /* MessagesMainPageViewController.swift in Sources */ = {isa = PBXBuildFile; fileRef = FA99007729A29417001381EA /* MessagesMainPageViewController.swift */; };
		FA99007A29A29474001381EA /* MessagesMainPageRouter.swift in Sources */ = {isa = PBXBuildFile; fileRef = FA99007929A29474001381EA /* MessagesMainPageRouter.swift */; };
		FA99007C29A294BC001381EA /* MessagesMainPagePresenter.swift in Sources */ = {isa = PBXBuildFile; fileRef = FA99007B29A294BC001381EA /* MessagesMainPagePresenter.swift */; };
/* End PBXBuildFile section */

/* Begin PBXContainerItemProxy section */
		FA29DE1129A2159400D032B7 /* PBXContainerItemProxy */ = {
			isa = PBXContainerItemProxy;
			containerPortal = FA29DDF229A2158E00D032B7 /* Project object */;
			proxyType = 1;
			remoteGlobalIDString = FA29DDF929A2158E00D032B7;
			remoteInfo = chattingApp;
		};
		FA29DE1B29A2159400D032B7 /* PBXContainerItemProxy */ = {
			isa = PBXContainerItemProxy;
			containerPortal = FA29DDF229A2158E00D032B7 /* Project object */;
			proxyType = 1;
			remoteGlobalIDString = FA29DDF929A2158E00D032B7;
			remoteInfo = chattingApp;
		};
/* End PBXContainerItemProxy section */

/* Begin PBXFileReference section */
		1EDA7A3908539D71FE81C8AA /* Pods_chattingApp_chattingAppUITests.framework */ = {isa = PBXFileReference; explicitFileType = wrapper.framework; includeInIndex = 0; path = Pods_chattingApp_chattingAppUITests.framework; sourceTree = BUILT_PRODUCTS_DIR; };
		3BD2CD321A2F78B62F9B6B38 /* Pods-chattingApp-chattingAppUITests.debug.xcconfig */ = {isa = PBXFileReference; includeInIndex = 1; lastKnownFileType = text.xcconfig; name = "Pods-chattingApp-chattingAppUITests.debug.xcconfig"; path = "Target Support Files/Pods-chattingApp-chattingAppUITests/Pods-chattingApp-chattingAppUITests.debug.xcconfig"; sourceTree = "<group>"; };
		5D727F03B23BC7E6EB6C2CD6 /* Pods-chattingAppTests.release.xcconfig */ = {isa = PBXFileReference; includeInIndex = 1; lastKnownFileType = text.xcconfig; name = "Pods-chattingAppTests.release.xcconfig"; path = "Target Support Files/Pods-chattingAppTests/Pods-chattingAppTests.release.xcconfig"; sourceTree = "<group>"; };
		A068442B1F29750ABC4301FE /* Pods-chattingApp.debug.xcconfig */ = {isa = PBXFileReference; includeInIndex = 1; lastKnownFileType = text.xcconfig; name = "Pods-chattingApp.debug.xcconfig"; path = "Target Support Files/Pods-chattingApp/Pods-chattingApp.debug.xcconfig"; sourceTree = "<group>"; };
		B2A27E12613B633B637F45B7 /* Pods-chattingAppTests.debug.xcconfig */ = {isa = PBXFileReference; includeInIndex = 1; lastKnownFileType = text.xcconfig; name = "Pods-chattingAppTests.debug.xcconfig"; path = "Target Support Files/Pods-chattingAppTests/Pods-chattingAppTests.debug.xcconfig"; sourceTree = "<group>"; };
		C87FAC5081F66E432D5D9592 /* Pods_chattingApp.framework */ = {isa = PBXFileReference; explicitFileType = wrapper.framework; includeInIndex = 0; path = Pods_chattingApp.framework; sourceTree = BUILT_PRODUCTS_DIR; };
		CE6F3E386E73BB2059C0276D /* Pods-chattingApp.release.xcconfig */ = {isa = PBXFileReference; includeInIndex = 1; lastKnownFileType = text.xcconfig; name = "Pods-chattingApp.release.xcconfig"; path = "Target Support Files/Pods-chattingApp/Pods-chattingApp.release.xcconfig"; sourceTree = "<group>"; };
		EC5F110B58DCF747CB520B52 /* Pods-chattingApp-chattingAppUITests.release.xcconfig */ = {isa = PBXFileReference; includeInIndex = 1; lastKnownFileType = text.xcconfig; name = "Pods-chattingApp-chattingAppUITests.release.xcconfig"; path = "Target Support Files/Pods-chattingApp-chattingAppUITests/Pods-chattingApp-chattingAppUITests.release.xcconfig"; sourceTree = "<group>"; };
		EF7C13F1014CE0EFCDBA786F /* Pods_chattingAppTests.framework */ = {isa = PBXFileReference; explicitFileType = wrapper.framework; includeInIndex = 0; path = Pods_chattingAppTests.framework; sourceTree = BUILT_PRODUCTS_DIR; };
		FA094BFC29A2C4CA0046288A /* LoginPageUseCase.swift */ = {isa = PBXFileReference; lastKnownFileType = sourcecode.swift; path = LoginPageUseCase.swift; sourceTree = "<group>"; };
		FA094BFE29A2CD470046288A /* MessagesMainPageUseCase.swift */ = {isa = PBXFileReference; lastKnownFileType = sourcecode.swift; path = MessagesMainPageUseCase.swift; sourceTree = "<group>"; };
		FA18810629AF380F00CDCB53 /* Message.swift */ = {isa = PBXFileReference; lastKnownFileType = sourcecode.swift; path = Message.swift; sourceTree = "<group>"; };
		FA18810829AF399500CDCB53 /* MessageSenderUseCase.swift */ = {isa = PBXFileReference; lastKnownFileType = sourcecode.swift; path = MessageSenderUseCase.swift; sourceTree = "<group>"; };
		FA18810A29AF3DD700CDCB53 /* Identifiers.swift */ = {isa = PBXFileReference; lastKnownFileType = sourcecode.swift; path = Identifiers.swift; sourceTree = "<group>"; };
		FA18810C29AF403700CDCB53 /* MessagesLoadUseCase.swift */ = {isa = PBXFileReference; lastKnownFileType = sourcecode.swift; path = MessagesLoadUseCase.swift; sourceTree = "<group>"; };
		FA29DDFA29A2158E00D032B7 /* chattingApp.app */ = {isa = PBXFileReference; explicitFileType = wrapper.application; includeInIndex = 0; path = chattingApp.app; sourceTree = BUILT_PRODUCTS_DIR; };
		FA29DDFD29A2158E00D032B7 /* AppDelegate.swift */ = {isa = PBXFileReference; lastKnownFileType = sourcecode.swift; path = AppDelegate.swift; sourceTree = "<group>"; };
		FA29DDFF29A2158E00D032B7 /* SceneDelegate.swift */ = {isa = PBXFileReference; lastKnownFileType = sourcecode.swift; path = SceneDelegate.swift; sourceTree = "<group>"; };
		FA29DE0129A2158E00D032B7 /* LoginPageViewController.swift */ = {isa = PBXFileReference; lastKnownFileType = sourcecode.swift; path = LoginPageViewController.swift; sourceTree = "<group>"; };
		FA29DE0629A2159400D032B7 /* Assets.xcassets */ = {isa = PBXFileReference; lastKnownFileType = folder.assetcatalog; path = Assets.xcassets; sourceTree = "<group>"; };
		FA29DE0929A2159400D032B7 /* Base */ = {isa = PBXFileReference; lastKnownFileType = file.storyboard; name = Base; path = Base.lproj/LaunchScreen.storyboard; sourceTree = "<group>"; };
		FA29DE0B29A2159400D032B7 /* Info.plist */ = {isa = PBXFileReference; lastKnownFileType = text.plist.xml; path = Info.plist; sourceTree = "<group>"; };
		FA29DE1029A2159400D032B7 /* chattingAppTests.xctest */ = {isa = PBXFileReference; explicitFileType = wrapper.cfbundle; includeInIndex = 0; path = chattingAppTests.xctest; sourceTree = BUILT_PRODUCTS_DIR; };
		FA29DE1429A2159400D032B7 /* chattingAppTests.swift */ = {isa = PBXFileReference; lastKnownFileType = sourcecode.swift; path = chattingAppTests.swift; sourceTree = "<group>"; };
		FA29DE1A29A2159400D032B7 /* chattingAppUITests.xctest */ = {isa = PBXFileReference; explicitFileType = wrapper.cfbundle; includeInIndex = 0; path = chattingAppUITests.xctest; sourceTree = BUILT_PRODUCTS_DIR; };
		FA29DE1E29A2159400D032B7 /* chattingAppUITests.swift */ = {isa = PBXFileReference; lastKnownFileType = sourcecode.swift; path = chattingAppUITests.swift; sourceTree = "<group>"; };
		FA29DE2029A2159400D032B7 /* chattingAppUITestsLaunchTests.swift */ = {isa = PBXFileReference; lastKnownFileType = sourcecode.swift; path = chattingAppUITestsLaunchTests.swift; sourceTree = "<group>"; };
		FA29DE3329A2186500D032B7 /* LoginPagePresentation.swift */ = {isa = PBXFileReference; lastKnownFileType = sourcecode.swift; path = LoginPagePresentation.swift; sourceTree = "<group>"; };
		FA29DE3529A2187200D032B7 /* LoginPagePresenter.swift */ = {isa = PBXFileReference; lastKnownFileType = sourcecode.swift; path = LoginPagePresenter.swift; sourceTree = "<group>"; };
		FA29DE3729A2188100D032B7 /* LoginPageRouter.swift */ = {isa = PBXFileReference; lastKnownFileType = sourcecode.swift; path = LoginPageRouter.swift; sourceTree = "<group>"; };
		FA29DE3929A2190300D032B7 /* LoginPageViewContract.swift */ = {isa = PBXFileReference; lastKnownFileType = sourcecode.swift; path = LoginPageViewContract.swift; sourceTree = "<group>"; };
		FA29DE4029A227DF00D032B7 /* HomePageRouter.swift */ = {isa = PBXFileReference; lastKnownFileType = sourcecode.swift; path = HomePageRouter.swift; sourceTree = "<group>"; };
		FA29DE4229A2287100D032B7 /* HomePageViewController.swift */ = {isa = PBXFileReference; lastKnownFileType = sourcecode.swift; path = HomePageViewController.swift; sourceTree = "<group>"; };
		FA29DE4429A228F000D032B7 /* HomePagePresenter.swift */ = {isa = PBXFileReference; lastKnownFileType = sourcecode.swift; path = HomePagePresenter.swift; sourceTree = "<group>"; };
		FA3D706129AD66BF00BC00FA /* MessageTableViewCell.swift */ = {isa = PBXFileReference; lastKnownFileType = sourcecode.swift; path = MessageTableViewCell.swift; sourceTree = "<group>"; };
		FA7EC15429A255C100993F24 /* GoogleService-Info.plist */ = {isa = PBXFileReference; fileEncoding = 4; lastKnownFileType = text.plist.xml; path = "GoogleService-Info.plist"; sourceTree = "<group>"; };
		FA99005E29A2605B001381EA /* ColorsExtensions.swift */ = {isa = PBXFileReference; lastKnownFileType = sourcecode.swift; path = ColorsExtensions.swift; sourceTree = "<group>"; };
		FA99006429A26930001381EA /* RegisterPageViewController.swift */ = {isa = PBXFileReference; lastKnownFileType = sourcecode.swift; path = RegisterPageViewController.swift; sourceTree = "<group>"; };
		FA99006629A26952001381EA /* RegisterPageViewContract.swift */ = {isa = PBXFileReference; lastKnownFileType = sourcecode.swift; path = RegisterPageViewContract.swift; sourceTree = "<group>"; };
		FA99006829A26991001381EA /* RegisterPagePresenter.swift */ = {isa = PBXFileReference; lastKnownFileType = sourcecode.swift; path = RegisterPagePresenter.swift; sourceTree = "<group>"; };
		FA99006A29A269CB001381EA /* RegisterPageRouter.swift */ = {isa = PBXFileReference; lastKnownFileType = sourcecode.swift; path = RegisterPageRouter.swift; sourceTree = "<group>"; };
		FA99006D29A272B2001381EA /* TextFieldExtensions.swift */ = {isa = PBXFileReference; lastKnownFileType = sourcecode.swift; path = TextFieldExtensions.swift; sourceTree = "<group>"; };
		FA99007029A28C09001381EA /* RegisterPageUseCase.swift */ = {isa = PBXFileReference; lastKnownFileType = sourcecode.swift; path = RegisterPageUseCase.swift; sourceTree = "<group>"; };
		FA99007729A29417001381EA /* MessagesMainPageViewController.swift */ = {isa = PBXFileReference; lastKnownFileType = sourcecode.swift; path = MessagesMainPageViewController.swift; sourceTree = "<group>"; };
		FA99007929A29474001381EA /* MessagesMainPageRouter.swift */ = {isa = PBXFileReference; lastKnownFileType = sourcecode.swift; path = MessagesMainPageRouter.swift; sourceTree = "<group>"; };
		FA99007B29A294BC001381EA /* MessagesMainPagePresenter.swift */ = {isa = PBXFileReference; lastKnownFileType = sourcecode.swift; path = MessagesMainPagePresenter.swift; sourceTree = "<group>"; };
/* End PBXFileReference section */

/* Begin PBXFrameworksBuildPhase section */
		FA29DDF729A2158E00D032B7 /* Frameworks */ = {
			isa = PBXFrameworksBuildPhase;
			buildActionMask = 2147483647;
			files = (
				A4C9BB09FACCC408EFC00578 /* Pods_chattingApp.framework in Frameworks */,
			);
			runOnlyForDeploymentPostprocessing = 0;
		};
		FA29DE0D29A2159400D032B7 /* Frameworks */ = {
			isa = PBXFrameworksBuildPhase;
			buildActionMask = 2147483647;
			files = (
				1AF15684C3143E08D1A586B9 /* Pods_chattingAppTests.framework in Frameworks */,
			);
			runOnlyForDeploymentPostprocessing = 0;
		};
		FA29DE1729A2159400D032B7 /* Frameworks */ = {
			isa = PBXFrameworksBuildPhase;
			buildActionMask = 2147483647;
			files = (
				56C16564F24F7F7E254E6E75 /* Pods_chattingApp_chattingAppUITests.framework in Frameworks */,
			);
			runOnlyForDeploymentPostprocessing = 0;
		};
/* End PBXFrameworksBuildPhase section */

/* Begin PBXGroup section */
		735C30D26CCC07EA9EBF8115 /* Frameworks */ = {
			isa = PBXGroup;
			children = (
				C87FAC5081F66E432D5D9592 /* Pods_chattingApp.framework */,
				1EDA7A3908539D71FE81C8AA /* Pods_chattingApp_chattingAppUITests.framework */,
				EF7C13F1014CE0EFCDBA786F /* Pods_chattingAppTests.framework */,
			);
			name = Frameworks;
			sourceTree = "<group>";
		};
		7997702D4B9B008BEA74E826 /* Pods */ = {
			isa = PBXGroup;
			children = (
				A068442B1F29750ABC4301FE /* Pods-chattingApp.debug.xcconfig */,
				CE6F3E386E73BB2059C0276D /* Pods-chattingApp.release.xcconfig */,
				3BD2CD321A2F78B62F9B6B38 /* Pods-chattingApp-chattingAppUITests.debug.xcconfig */,
				EC5F110B58DCF747CB520B52 /* Pods-chattingApp-chattingAppUITests.release.xcconfig */,
				B2A27E12613B633B637F45B7 /* Pods-chattingAppTests.debug.xcconfig */,
				5D727F03B23BC7E6EB6C2CD6 /* Pods-chattingAppTests.release.xcconfig */,
			);
			path = Pods;
			sourceTree = "<group>";
		};
		FA29DDF129A2158E00D032B7 = {
			isa = PBXGroup;
			children = (
				FA29DDFC29A2158E00D032B7 /* chattingApp */,
				FA29DE1329A2159400D032B7 /* chattingAppTests */,
				FA29DE1D29A2159400D032B7 /* chattingAppUITests */,
				FA29DDFB29A2158E00D032B7 /* Products */,
				7997702D4B9B008BEA74E826 /* Pods */,
				735C30D26CCC07EA9EBF8115 /* Frameworks */,
			);
			sourceTree = "<group>";
		};
		FA29DDFB29A2158E00D032B7 /* Products */ = {
			isa = PBXGroup;
			children = (
				FA29DDFA29A2158E00D032B7 /* chattingApp.app */,
				FA29DE1029A2159400D032B7 /* chattingAppTests.xctest */,
				FA29DE1A29A2159400D032B7 /* chattingAppUITests.xctest */,
			);
			name = Products;
			sourceTree = "<group>";
		};
		FA29DDFC29A2158E00D032B7 /* chattingApp */ = {
			isa = PBXGroup;
			children = (
				FA99006C29A26B16001381EA /* Pages */,
				FA99005D29A26047001381EA /* Extensions */,
				FA29DDFD29A2158E00D032B7 /* AppDelegate.swift */,
				FA29DDFF29A2158E00D032B7 /* SceneDelegate.swift */,
				FA29DE0629A2159400D032B7 /* Assets.xcassets */,
				FA29DE0829A2159400D032B7 /* LaunchScreen.storyboard */,
				FA29DE0B29A2159400D032B7 /* Info.plist */,
				FA7EC15429A255C100993F24 /* GoogleService-Info.plist */,
			);
			path = chattingApp;
			sourceTree = "<group>";
		};
		FA29DE1329A2159400D032B7 /* chattingAppTests */ = {
			isa = PBXGroup;
			children = (
				FA29DE1429A2159400D032B7 /* chattingAppTests.swift */,
			);
			path = chattingAppTests;
			sourceTree = "<group>";
		};
		FA29DE1D29A2159400D032B7 /* chattingAppUITests */ = {
			isa = PBXGroup;
			children = (
				FA29DE1E29A2159400D032B7 /* chattingAppUITests.swift */,
				FA29DE2029A2159400D032B7 /* chattingAppUITestsLaunchTests.swift */,
			);
			path = chattingAppUITests;
			sourceTree = "<group>";
		};
		FA29DE2E29A217A900D032B7 /* LoginPage */ = {
			isa = PBXGroup;
			children = (
				FA29DE3229A217D000D032B7 /* UseCase */,
				FA29DE3129A217CA00D032B7 /* Router */,
				FA29DE3029A217C400D032B7 /* Presenter */,
				FA29DE2F29A217B100D032B7 /* View */,
			);
			path = LoginPage;
			sourceTree = "<group>";
		};
		FA29DE2F29A217B100D032B7 /* View */ = {
			isa = PBXGroup;
			children = (
				FA29DE0129A2158E00D032B7 /* LoginPageViewController.swift */,
				FA29DE3929A2190300D032B7 /* LoginPageViewContract.swift */,
			);
			path = View;
			sourceTree = "<group>";
		};
		FA29DE3029A217C400D032B7 /* Presenter */ = {
			isa = PBXGroup;
			children = (
				FA29DE3329A2186500D032B7 /* LoginPagePresentation.swift */,
				FA29DE3529A2187200D032B7 /* LoginPagePresenter.swift */,
			);
			path = Presenter;
			sourceTree = "<group>";
		};
		FA29DE3129A217CA00D032B7 /* Router */ = {
			isa = PBXGroup;
			children = (
				FA29DE3729A2188100D032B7 /* LoginPageRouter.swift */,
			);
			path = Router;
			sourceTree = "<group>";
		};
		FA29DE3229A217D000D032B7 /* UseCase */ = {
			isa = PBXGroup;
			children = (
				FA094BFC29A2C4CA0046288A /* LoginPageUseCase.swift */,
			);
			path = UseCase;
			sourceTree = "<group>";
		};
		FA29DE3B29A227A800D032B7 /* HomePage */ = {
			isa = PBXGroup;
			children = (
				FA29DE3F29A227CB00D032B7 /* Router */,
				FA29DE3E29A227C600D032B7 /* View */,
				FA29DE3D29A227BF00D032B7 /* Presenter */,
				FA29DE3C29A227B700D032B7 /* UseCase */,
			);
			path = HomePage;
			sourceTree = "<group>";
		};
		FA29DE3C29A227B700D032B7 /* UseCase */ = {
			isa = PBXGroup;
			children = (
			);
			path = UseCase;
			sourceTree = "<group>";
		};
		FA29DE3D29A227BF00D032B7 /* Presenter */ = {
			isa = PBXGroup;
			children = (
				FA29DE4429A228F000D032B7 /* HomePagePresenter.swift */,
			);
			path = Presenter;
			sourceTree = "<group>";
		};
		FA29DE3E29A227C600D032B7 /* View */ = {
			isa = PBXGroup;
			children = (
				FA29DE4229A2287100D032B7 /* HomePageViewController.swift */,
			);
			path = View;
			sourceTree = "<group>";
		};
		FA29DE3F29A227CB00D032B7 /* Router */ = {
			isa = PBXGroup;
			children = (
				FA29DE4029A227DF00D032B7 /* HomePageRouter.swift */,
			);
			path = Router;
			sourceTree = "<group>";
		};
		FA99005D29A26047001381EA /* Extensions */ = {
			isa = PBXGroup;
			children = (
				FA99005E29A2605B001381EA /* ColorsExtensions.swift */,
				FA99006D29A272B2001381EA /* TextFieldExtensions.swift */,
				FA18810A29AF3DD700CDCB53 /* Identifiers.swift */,
			);
			path = Extensions;
			sourceTree = "<group>";
		};
		FA99006029A268EF001381EA /* RegisterPage */ = {
			isa = PBXGroup;
			children = (
				FA99006F29A28BC1001381EA /* UseCase */,
				FA99006329A2690D001381EA /* Presenter */,
				FA99006229A26908001381EA /* View */,
				FA99006129A26902001381EA /* Router */,
			);
			path = RegisterPage;
			sourceTree = "<group>";
		};
		FA99006129A26902001381EA /* Router */ = {
			isa = PBXGroup;
			children = (
				FA99006A29A269CB001381EA /* RegisterPageRouter.swift */,
			);
			path = Router;
			sourceTree = "<group>";
		};
		FA99006229A26908001381EA /* View */ = {
			isa = PBXGroup;
			children = (
				FA99006429A26930001381EA /* RegisterPageViewController.swift */,
				FA99006629A26952001381EA /* RegisterPageViewContract.swift */,
			);
			path = View;
			sourceTree = "<group>";
		};
		FA99006329A2690D001381EA /* Presenter */ = {
			isa = PBXGroup;
			children = (
				FA99006829A26991001381EA /* RegisterPagePresenter.swift */,
			);
			path = Presenter;
			sourceTree = "<group>";
		};
		FA99006C29A26B16001381EA /* Pages */ = {
			isa = PBXGroup;
			children = (
				FA99007229A293DC001381EA /* MessagesPage */,
				FA29DE3B29A227A800D032B7 /* HomePage */,
				FA29DE2E29A217A900D032B7 /* LoginPage */,
				FA99006029A268EF001381EA /* RegisterPage */,
			);
			path = Pages;
			sourceTree = "<group>";
		};
		FA99006F29A28BC1001381EA /* UseCase */ = {
			isa = PBXGroup;
			children = (
				FA99007029A28C09001381EA /* RegisterPageUseCase.swift */,
			);
			path = UseCase;
			sourceTree = "<group>";
		};
		FA99007229A293DC001381EA /* MessagesPage */ = {
			isa = PBXGroup;
			children = (
				FA99007629A293FD001381EA /* UseCase */,
				FA99007529A293F5001381EA /* Presenter */,
				FA99007429A293F0001381EA /* Router */,
				FA99007329A293E9001381EA /* View */,
				FA3D706129AD66BF00BC00FA /* MessageTableViewCell.swift */,
				FA18810629AF380F00CDCB53 /* Message.swift */,
			);
			path = MessagesPage;
			sourceTree = "<group>";
		};
		FA99007329A293E9001381EA /* View */ = {
			isa = PBXGroup;
			children = (
				FA99007729A29417001381EA /* MessagesMainPageViewController.swift */,
			);
			path = View;
			sourceTree = "<group>";
		};
		FA99007429A293F0001381EA /* Router */ = {
			isa = PBXGroup;
			children = (
				FA99007929A29474001381EA /* MessagesMainPageRouter.swift */,
			);
			path = Router;
			sourceTree = "<group>";
		};
		FA99007529A293F5001381EA /* Presenter */ = {
			isa = PBXGroup;
			children = (
				FA99007B29A294BC001381EA /* MessagesMainPagePresenter.swift */,
			);
			path = Presenter;
			sourceTree = "<group>";
		};
		FA99007629A293FD001381EA /* UseCase */ = {
			isa = PBXGroup;
			children = (
				FA094BFE29A2CD470046288A /* MessagesMainPageUseCase.swift */,
				FA18810829AF399500CDCB53 /* MessageSenderUseCase.swift */,
				FA18810C29AF403700CDCB53 /* MessagesLoadUseCase.swift */,
			);
			path = UseCase;
			sourceTree = "<group>";
		};
/* End PBXGroup section */

/* Begin PBXNativeTarget section */
		FA29DDF929A2158E00D032B7 /* chattingApp */ = {
			isa = PBXNativeTarget;
			buildConfigurationList = FA29DE2429A2159400D032B7 /* Build configuration list for PBXNativeTarget "chattingApp" */;
			buildPhases = (
				62EFBA402FC893A98B4797DA /* [CP] Check Pods Manifest.lock */,
				FA29DDF629A2158E00D032B7 /* Sources */,
				FA29DDF729A2158E00D032B7 /* Frameworks */,
				FA29DDF829A2158E00D032B7 /* Resources */,
				EE1F891B2C1CEF7B6FAAECED /* [CP] Embed Pods Frameworks */,
			);
			buildRules = (
			);
			dependencies = (
			);
			name = chattingApp;
			productName = chattingApp;
			productReference = FA29DDFA29A2158E00D032B7 /* chattingApp.app */;
			productType = "com.apple.product-type.application";
		};
		FA29DE0F29A2159400D032B7 /* chattingAppTests */ = {
			isa = PBXNativeTarget;
			buildConfigurationList = FA29DE2729A2159400D032B7 /* Build configuration list for PBXNativeTarget "chattingAppTests" */;
			buildPhases = (
				1EA924ACA9B331B2D81F4283 /* [CP] Check Pods Manifest.lock */,
				FA29DE0C29A2159400D032B7 /* Sources */,
				FA29DE0D29A2159400D032B7 /* Frameworks */,
				FA29DE0E29A2159400D032B7 /* Resources */,
			);
			buildRules = (
			);
			dependencies = (
				FA29DE1229A2159400D032B7 /* PBXTargetDependency */,
			);
			name = chattingAppTests;
			productName = chattingAppTests;
			productReference = FA29DE1029A2159400D032B7 /* chattingAppTests.xctest */;
			productType = "com.apple.product-type.bundle.unit-test";
		};
		FA29DE1929A2159400D032B7 /* chattingAppUITests */ = {
			isa = PBXNativeTarget;
			buildConfigurationList = FA29DE2A29A2159400D032B7 /* Build configuration list for PBXNativeTarget "chattingAppUITests" */;
			buildPhases = (
				EFE57B82A401A3261EAB1173 /* [CP] Check Pods Manifest.lock */,
				FA29DE1629A2159400D032B7 /* Sources */,
				FA29DE1729A2159400D032B7 /* Frameworks */,
				FA29DE1829A2159400D032B7 /* Resources */,
				018B52A2DC906C9A8E61B836 /* [CP] Embed Pods Frameworks */,
			);
			buildRules = (
			);
			dependencies = (
				FA29DE1C29A2159400D032B7 /* PBXTargetDependency */,
			);
			name = chattingAppUITests;
			productName = chattingAppUITests;
			productReference = FA29DE1A29A2159400D032B7 /* chattingAppUITests.xctest */;
			productType = "com.apple.product-type.bundle.ui-testing";
		};
/* End PBXNativeTarget section */

/* Begin PBXProject section */
		FA29DDF229A2158E00D032B7 /* Project object */ = {
			isa = PBXProject;
			attributes = {
				BuildIndependentTargetsInParallel = 1;
				LastSwiftUpdateCheck = 1340;
				LastUpgradeCheck = 1340;
				TargetAttributes = {
					FA29DDF929A2158E00D032B7 = {
						CreatedOnToolsVersion = 13.4.1;
					};
					FA29DE0F29A2159400D032B7 = {
						CreatedOnToolsVersion = 13.4.1;
						TestTargetID = FA29DDF929A2158E00D032B7;
					};
					FA29DE1929A2159400D032B7 = {
						CreatedOnToolsVersion = 13.4.1;
						TestTargetID = FA29DDF929A2158E00D032B7;
					};
				};
			};
			buildConfigurationList = FA29DDF529A2158E00D032B7 /* Build configuration list for PBXProject "chattingApp" */;
			compatibilityVersion = "Xcode 13.0";
			developmentRegion = en;
			hasScannedForEncodings = 0;
			knownRegions = (
				en,
				Base,
			);
			mainGroup = FA29DDF129A2158E00D032B7;
			productRefGroup = FA29DDFB29A2158E00D032B7 /* Products */;
			projectDirPath = "";
			projectRoot = "";
			targets = (
				FA29DDF929A2158E00D032B7 /* chattingApp */,
				FA29DE0F29A2159400D032B7 /* chattingAppTests */,
				FA29DE1929A2159400D032B7 /* chattingAppUITests */,
			);
		};
/* End PBXProject section */

/* Begin PBXResourcesBuildPhase section */
		FA29DDF829A2158E00D032B7 /* Resources */ = {
			isa = PBXResourcesBuildPhase;
			buildActionMask = 2147483647;
			files = (
				FA29DE0A29A2159400D032B7 /* LaunchScreen.storyboard in Resources */,
				FA7EC15529A255C100993F24 /* GoogleService-Info.plist in Resources */,
				FA29DE0729A2159400D032B7 /* Assets.xcassets in Resources */,
			);
			runOnlyForDeploymentPostprocessing = 0;
		};
		FA29DE0E29A2159400D032B7 /* Resources */ = {
			isa = PBXResourcesBuildPhase;
			buildActionMask = 2147483647;
			files = (
			);
			runOnlyForDeploymentPostprocessing = 0;
		};
		FA29DE1829A2159400D032B7 /* Resources */ = {
			isa = PBXResourcesBuildPhase;
			buildActionMask = 2147483647;
			files = (
			);
			runOnlyForDeploymentPostprocessing = 0;
		};
/* End PBXResourcesBuildPhase section */

/* Begin PBXShellScriptBuildPhase section */
		018B52A2DC906C9A8E61B836 /* [CP] Embed Pods Frameworks */ = {
			isa = PBXShellScriptBuildPhase;
			buildActionMask = 2147483647;
			files = (
			);
			inputFileListPaths = (
				"${PODS_ROOT}/Target Support Files/Pods-chattingApp-chattingAppUITests/Pods-chattingApp-chattingAppUITests-frameworks-${CONFIGURATION}-input-files.xcfilelist",
			);
			name = "[CP] Embed Pods Frameworks";
			outputFileListPaths = (
				"${PODS_ROOT}/Target Support Files/Pods-chattingApp-chattingAppUITests/Pods-chattingApp-chattingAppUITests-frameworks-${CONFIGURATION}-output-files.xcfilelist",
			);
			runOnlyForDeploymentPostprocessing = 0;
			shellPath = /bin/sh;
			shellScript = "\"${PODS_ROOT}/Target Support Files/Pods-chattingApp-chattingAppUITests/Pods-chattingApp-chattingAppUITests-frameworks.sh\"\n";
			showEnvVarsInLog = 0;
		};
		1EA924ACA9B331B2D81F4283 /* [CP] Check Pods Manifest.lock */ = {
			isa = PBXShellScriptBuildPhase;
			buildActionMask = 2147483647;
			files = (
			);
			inputFileListPaths = (
			);
			inputPaths = (
				"${PODS_PODFILE_DIR_PATH}/Podfile.lock",
				"${PODS_ROOT}/Manifest.lock",
			);
			name = "[CP] Check Pods Manifest.lock";
			outputFileListPaths = (
			);
			outputPaths = (
				"$(DERIVED_FILE_DIR)/Pods-chattingAppTests-checkManifestLockResult.txt",
			);
			runOnlyForDeploymentPostprocessing = 0;
			shellPath = /bin/sh;
			shellScript = "diff \"${PODS_PODFILE_DIR_PATH}/Podfile.lock\" \"${PODS_ROOT}/Manifest.lock\" > /dev/null\nif [ $? != 0 ] ; then\n    # print error to STDERR\n    echo \"error: The sandbox is not in sync with the Podfile.lock. Run 'pod install' or update your CocoaPods installation.\" >&2\n    exit 1\nfi\n# This output is used by Xcode 'outputs' to avoid re-running this script phase.\necho \"SUCCESS\" > \"${SCRIPT_OUTPUT_FILE_0}\"\n";
			showEnvVarsInLog = 0;
		};
		62EFBA402FC893A98B4797DA /* [CP] Check Pods Manifest.lock */ = {
			isa = PBXShellScriptBuildPhase;
			buildActionMask = 2147483647;
			files = (
			);
			inputFileListPaths = (
			);
			inputPaths = (
				"${PODS_PODFILE_DIR_PATH}/Podfile.lock",
				"${PODS_ROOT}/Manifest.lock",
			);
			name = "[CP] Check Pods Manifest.lock";
			outputFileListPaths = (
			);
			outputPaths = (
				"$(DERIVED_FILE_DIR)/Pods-chattingApp-checkManifestLockResult.txt",
			);
			runOnlyForDeploymentPostprocessing = 0;
			shellPath = /bin/sh;
			shellScript = "diff \"${PODS_PODFILE_DIR_PATH}/Podfile.lock\" \"${PODS_ROOT}/Manifest.lock\" > /dev/null\nif [ $? != 0 ] ; then\n    # print error to STDERR\n    echo \"error: The sandbox is not in sync with the Podfile.lock. Run 'pod install' or update your CocoaPods installation.\" >&2\n    exit 1\nfi\n# This output is used by Xcode 'outputs' to avoid re-running this script phase.\necho \"SUCCESS\" > \"${SCRIPT_OUTPUT_FILE_0}\"\n";
			showEnvVarsInLog = 0;
		};
		EE1F891B2C1CEF7B6FAAECED /* [CP] Embed Pods Frameworks */ = {
			isa = PBXShellScriptBuildPhase;
			buildActionMask = 2147483647;
			files = (
			);
			inputFileListPaths = (
				"${PODS_ROOT}/Target Support Files/Pods-chattingApp/Pods-chattingApp-frameworks-${CONFIGURATION}-input-files.xcfilelist",
			);
			name = "[CP] Embed Pods Frameworks";
			outputFileListPaths = (
				"${PODS_ROOT}/Target Support Files/Pods-chattingApp/Pods-chattingApp-frameworks-${CONFIGURATION}-output-files.xcfilelist",
			);
			runOnlyForDeploymentPostprocessing = 0;
			shellPath = /bin/sh;
			shellScript = "\"${PODS_ROOT}/Target Support Files/Pods-chattingApp/Pods-chattingApp-frameworks.sh\"\n";
			showEnvVarsInLog = 0;
		};
		EFE57B82A401A3261EAB1173 /* [CP] Check Pods Manifest.lock */ = {
			isa = PBXShellScriptBuildPhase;
			buildActionMask = 2147483647;
			files = (
			);
			inputFileListPaths = (
			);
			inputPaths = (
				"${PODS_PODFILE_DIR_PATH}/Podfile.lock",
				"${PODS_ROOT}/Manifest.lock",
			);
			name = "[CP] Check Pods Manifest.lock";
			outputFileListPaths = (
			);
			outputPaths = (
				"$(DERIVED_FILE_DIR)/Pods-chattingApp-chattingAppUITests-checkManifestLockResult.txt",
			);
			runOnlyForDeploymentPostprocessing = 0;
			shellPath = /bin/sh;
			shellScript = "diff \"${PODS_PODFILE_DIR_PATH}/Podfile.lock\" \"${PODS_ROOT}/Manifest.lock\" > /dev/null\nif [ $? != 0 ] ; then\n    # print error to STDERR\n    echo \"error: The sandbox is not in sync with the Podfile.lock. Run 'pod install' or update your CocoaPods installation.\" >&2\n    exit 1\nfi\n# This output is used by Xcode 'outputs' to avoid re-running this script phase.\necho \"SUCCESS\" > \"${SCRIPT_OUTPUT_FILE_0}\"\n";
			showEnvVarsInLog = 0;
		};
/* End PBXShellScriptBuildPhase section */

/* Begin PBXSourcesBuildPhase section */
		FA29DDF629A2158E00D032B7 /* Sources */ = {
			isa = PBXSourcesBuildPhase;
			buildActionMask = 2147483647;
			files = (
				FA99005F29A2605B001381EA /* ColorsExtensions.swift in Sources */,
				FA99007129A28C09001381EA /* RegisterPageUseCase.swift in Sources */,
				FA29DE3429A2186500D032B7 /* LoginPagePresentation.swift in Sources */,
				FA094BFF29A2CD470046288A /* MessagesMainPageUseCase.swift in Sources */,
				FA094BFD29A2C4CA0046288A /* LoginPageUseCase.swift in Sources */,
				FA18810D29AF403700CDCB53 /* MessagesLoadUseCase.swift in Sources */,
				FA29DE0229A2158E00D032B7 /* LoginPageViewController.swift in Sources */,
				FA18810929AF399500CDCB53 /* MessageSenderUseCase.swift in Sources */,
				FA99007C29A294BC001381EA /* MessagesMainPagePresenter.swift in Sources */,
				FA29DE4329A2287100D032B7 /* HomePageViewController.swift in Sources */,
				FA29DDFE29A2158E00D032B7 /* AppDelegate.swift in Sources */,
				FA29DE3A29A2190300D032B7 /* LoginPageViewContract.swift in Sources */,
				FA29DE3629A2187200D032B7 /* LoginPagePresenter.swift in Sources */,
				FA29DE0029A2158E00D032B7 /* SceneDelegate.swift in Sources */,
				FA99006929A26991001381EA /* RegisterPagePresenter.swift in Sources */,
				FA99006529A26930001381EA /* RegisterPageViewController.swift in Sources */,
				FA29DE4129A227DF00D032B7 /* HomePageRouter.swift in Sources */,
				FA99007829A29417001381EA /* MessagesMainPageViewController.swift in Sources */,
				FA99006729A26952001381EA /* RegisterPageViewContract.swift in Sources */,
				FA99007A29A29474001381EA /* MessagesMainPageRouter.swift in Sources */,
				FA29DE4529A228F000D032B7 /* HomePagePresenter.swift in Sources */,
				FA3D706229AD66BF00BC00FA /* MessageTableViewCell.swift in Sources */,
				FA99006E29A272B2001381EA /* TextFieldExtensions.swift in Sources */,
				FA18810B29AF3DD700CDCB53 /* Identifiers.swift in Sources */,
				FA18810729AF380F00CDCB53 /* Message.swift in Sources */,
				FA99006B29A269CB001381EA /* RegisterPageRouter.swift in Sources */,
				FA29DE3829A2188100D032B7 /* LoginPageRouter.swift in Sources */,
			);
			runOnlyForDeploymentPostprocessing = 0;
		};
		FA29DE0C29A2159400D032B7 /* Sources */ = {
			isa = PBXSourcesBuildPhase;
			buildActionMask = 2147483647;
			files = (
				FA29DE1529A2159400D032B7 /* chattingAppTests.swift in Sources */,
			);
			runOnlyForDeploymentPostprocessing = 0;
		};
		FA29DE1629A2159400D032B7 /* Sources */ = {
			isa = PBXSourcesBuildPhase;
			buildActionMask = 2147483647;
			files = (
				FA29DE2129A2159400D032B7 /* chattingAppUITestsLaunchTests.swift in Sources */,
				FA29DE1F29A2159400D032B7 /* chattingAppUITests.swift in Sources */,
			);
			runOnlyForDeploymentPostprocessing = 0;
		};
/* End PBXSourcesBuildPhase section */

/* Begin PBXTargetDependency section */
		FA29DE1229A2159400D032B7 /* PBXTargetDependency */ = {
			isa = PBXTargetDependency;
			target = FA29DDF929A2158E00D032B7 /* chattingApp */;
			targetProxy = FA29DE1129A2159400D032B7 /* PBXContainerItemProxy */;
		};
		FA29DE1C29A2159400D032B7 /* PBXTargetDependency */ = {
			isa = PBXTargetDependency;
			target = FA29DDF929A2158E00D032B7 /* chattingApp */;
			targetProxy = FA29DE1B29A2159400D032B7 /* PBXContainerItemProxy */;
		};
/* End PBXTargetDependency section */

/* Begin PBXVariantGroup section */
		FA29DE0829A2159400D032B7 /* LaunchScreen.storyboard */ = {
			isa = PBXVariantGroup;
			children = (
				FA29DE0929A2159400D032B7 /* Base */,
			);
			name = LaunchScreen.storyboard;
			sourceTree = "<group>";
		};
/* End PBXVariantGroup section */

/* Begin XCBuildConfiguration section */
		FA29DE2229A2159400D032B7 /* Debug */ = {
			isa = XCBuildConfiguration;
			buildSettings = {
				ALWAYS_SEARCH_USER_PATHS = NO;
				CLANG_ANALYZER_NONNULL = YES;
				CLANG_ANALYZER_NUMBER_OBJECT_CONVERSION = YES_AGGRESSIVE;
				CLANG_CXX_LANGUAGE_STANDARD = "gnu++17";
				CLANG_ENABLE_MODULES = YES;
				CLANG_ENABLE_OBJC_ARC = YES;
				CLANG_ENABLE_OBJC_WEAK = YES;
				CLANG_WARN_BLOCK_CAPTURE_AUTORELEASING = YES;
				CLANG_WARN_BOOL_CONVERSION = YES;
				CLANG_WARN_COMMA = YES;
				CLANG_WARN_CONSTANT_CONVERSION = YES;
				CLANG_WARN_DEPRECATED_OBJC_IMPLEMENTATIONS = YES;
				CLANG_WARN_DIRECT_OBJC_ISA_USAGE = YES_ERROR;
				CLANG_WARN_DOCUMENTATION_COMMENTS = YES;
				CLANG_WARN_EMPTY_BODY = YES;
				CLANG_WARN_ENUM_CONVERSION = YES;
				CLANG_WARN_INFINITE_RECURSION = YES;
				CLANG_WARN_INT_CONVERSION = YES;
				CLANG_WARN_NON_LITERAL_NULL_CONVERSION = YES;
				CLANG_WARN_OBJC_IMPLICIT_RETAIN_SELF = YES;
				CLANG_WARN_OBJC_LITERAL_CONVERSION = YES;
				CLANG_WARN_OBJC_ROOT_CLASS = YES_ERROR;
				CLANG_WARN_QUOTED_INCLUDE_IN_FRAMEWORK_HEADER = YES;
				CLANG_WARN_RANGE_LOOP_ANALYSIS = YES;
				CLANG_WARN_STRICT_PROTOTYPES = YES;
				CLANG_WARN_SUSPICIOUS_MOVE = YES;
				CLANG_WARN_UNGUARDED_AVAILABILITY = YES_AGGRESSIVE;
				CLANG_WARN_UNREACHABLE_CODE = YES;
				CLANG_WARN__DUPLICATE_METHOD_MATCH = YES;
				COPY_PHASE_STRIP = NO;
				DEBUG_INFORMATION_FORMAT = dwarf;
				ENABLE_STRICT_OBJC_MSGSEND = YES;
				ENABLE_TESTABILITY = YES;
				GCC_C_LANGUAGE_STANDARD = gnu11;
				GCC_DYNAMIC_NO_PIC = NO;
				GCC_NO_COMMON_BLOCKS = YES;
				GCC_OPTIMIZATION_LEVEL = 0;
				GCC_PREPROCESSOR_DEFINITIONS = (
					"DEBUG=1",
					"$(inherited)",
				);
				GCC_WARN_64_TO_32_BIT_CONVERSION = YES;
				GCC_WARN_ABOUT_RETURN_TYPE = YES_ERROR;
				GCC_WARN_UNDECLARED_SELECTOR = YES;
				GCC_WARN_UNINITIALIZED_AUTOS = YES_AGGRESSIVE;
				GCC_WARN_UNUSED_FUNCTION = YES;
				GCC_WARN_UNUSED_VARIABLE = YES;
				IPHONEOS_DEPLOYMENT_TARGET = 15.5;
				MTL_ENABLE_DEBUG_INFO = INCLUDE_SOURCE;
				MTL_FAST_MATH = YES;
				ONLY_ACTIVE_ARCH = YES;
				SDKROOT = iphoneos;
				SWIFT_ACTIVE_COMPILATION_CONDITIONS = DEBUG;
				SWIFT_OPTIMIZATION_LEVEL = "-Onone";
			};
			name = Debug;
		};
		FA29DE2329A2159400D032B7 /* Release */ = {
			isa = XCBuildConfiguration;
			buildSettings = {
				ALWAYS_SEARCH_USER_PATHS = NO;
				CLANG_ANALYZER_NONNULL = YES;
				CLANG_ANALYZER_NUMBER_OBJECT_CONVERSION = YES_AGGRESSIVE;
				CLANG_CXX_LANGUAGE_STANDARD = "gnu++17";
				CLANG_ENABLE_MODULES = YES;
				CLANG_ENABLE_OBJC_ARC = YES;
				CLANG_ENABLE_OBJC_WEAK = YES;
				CLANG_WARN_BLOCK_CAPTURE_AUTORELEASING = YES;
				CLANG_WARN_BOOL_CONVERSION = YES;
				CLANG_WARN_COMMA = YES;
				CLANG_WARN_CONSTANT_CONVERSION = YES;
				CLANG_WARN_DEPRECATED_OBJC_IMPLEMENTATIONS = YES;
				CLANG_WARN_DIRECT_OBJC_ISA_USAGE = YES_ERROR;
				CLANG_WARN_DOCUMENTATION_COMMENTS = YES;
				CLANG_WARN_EMPTY_BODY = YES;
				CLANG_WARN_ENUM_CONVERSION = YES;
				CLANG_WARN_INFINITE_RECURSION = YES;
				CLANG_WARN_INT_CONVERSION = YES;
				CLANG_WARN_NON_LITERAL_NULL_CONVERSION = YES;
				CLANG_WARN_OBJC_IMPLICIT_RETAIN_SELF = YES;
				CLANG_WARN_OBJC_LITERAL_CONVERSION = YES;
				CLANG_WARN_OBJC_ROOT_CLASS = YES_ERROR;
				CLANG_WARN_QUOTED_INCLUDE_IN_FRAMEWORK_HEADER = YES;
				CLANG_WARN_RANGE_LOOP_ANALYSIS = YES;
				CLANG_WARN_STRICT_PROTOTYPES = YES;
				CLANG_WARN_SUSPICIOUS_MOVE = YES;
				CLANG_WARN_UNGUARDED_AVAILABILITY = YES_AGGRESSIVE;
				CLANG_WARN_UNREACHABLE_CODE = YES;
				CLANG_WARN__DUPLICATE_METHOD_MATCH = YES;
				COPY_PHASE_STRIP = NO;
				DEBUG_INFORMATION_FORMAT = "dwarf-with-dsym";
				ENABLE_NS_ASSERTIONS = NO;
				ENABLE_STRICT_OBJC_MSGSEND = YES;
				GCC_C_LANGUAGE_STANDARD = gnu11;
				GCC_NO_COMMON_BLOCKS = YES;
				GCC_WARN_64_TO_32_BIT_CONVERSION = YES;
				GCC_WARN_ABOUT_RETURN_TYPE = YES_ERROR;
				GCC_WARN_UNDECLARED_SELECTOR = YES;
				GCC_WARN_UNINITIALIZED_AUTOS = YES_AGGRESSIVE;
				GCC_WARN_UNUSED_FUNCTION = YES;
				GCC_WARN_UNUSED_VARIABLE = YES;
				IPHONEOS_DEPLOYMENT_TARGET = 15.5;
				MTL_ENABLE_DEBUG_INFO = NO;
				MTL_FAST_MATH = YES;
				SDKROOT = iphoneos;
				SWIFT_COMPILATION_MODE = wholemodule;
				SWIFT_OPTIMIZATION_LEVEL = "-O";
				VALIDATE_PRODUCT = YES;
			};
			name = Release;
		};
		FA29DE2529A2159400D032B7 /* Debug */ = {
			isa = XCBuildConfiguration;
			baseConfigurationReference = A068442B1F29750ABC4301FE /* Pods-chattingApp.debug.xcconfig */;
			buildSettings = {
				ASSETCATALOG_COMPILER_APPICON_NAME = AppIcon;
				ASSETCATALOG_COMPILER_GLOBAL_ACCENT_COLOR_NAME = AccentColor;
				CODE_SIGN_STYLE = Automatic;
				CURRENT_PROJECT_VERSION = 1;
				GENERATE_INFOPLIST_FILE = YES;
				INFOPLIST_FILE = chattingApp/Info.plist;
				INFOPLIST_KEY_UIApplicationSupportsIndirectInputEvents = YES;
				INFOPLIST_KEY_UILaunchStoryboardName = LaunchScreen;
				INFOPLIST_KEY_UIMainStoryboardFile = LaunchScreen;
				INFOPLIST_KEY_UISupportedInterfaceOrientations_iPad = "UIInterfaceOrientationPortrait UIInterfaceOrientationPortraitUpsideDown UIInterfaceOrientationLandscapeLeft UIInterfaceOrientationLandscapeRight";
				INFOPLIST_KEY_UISupportedInterfaceOrientations_iPhone = "UIInterfaceOrientationPortrait UIInterfaceOrientationLandscapeLeft UIInterfaceOrientationLandscapeRight";
				LD_RUNPATH_SEARCH_PATHS = (
					"$(inherited)",
					"@executable_path/Frameworks",
				);
				MARKETING_VERSION = 1.0;
				PRODUCT_BUNDLE_IDENTIFIER = okan.chattingApp;
				PRODUCT_NAME = "$(TARGET_NAME)";
				SWIFT_EMIT_LOC_STRINGS = YES;
				SWIFT_VERSION = 5.0;
				TARGETED_DEVICE_FAMILY = "1,2";
			};
			name = Debug;
		};
		FA29DE2629A2159400D032B7 /* Release */ = {
			isa = XCBuildConfiguration;
			baseConfigurationReference = CE6F3E386E73BB2059C0276D /* Pods-chattingApp.release.xcconfig */;
			buildSettings = {
				ASSETCATALOG_COMPILER_APPICON_NAME = AppIcon;
				ASSETCATALOG_COMPILER_GLOBAL_ACCENT_COLOR_NAME = AccentColor;
				CODE_SIGN_STYLE = Automatic;
				CURRENT_PROJECT_VERSION = 1;
				GENERATE_INFOPLIST_FILE = YES;
				INFOPLIST_FILE = chattingApp/Info.plist;
				INFOPLIST_KEY_UIApplicationSupportsIndirectInputEvents = YES;
				INFOPLIST_KEY_UILaunchStoryboardName = LaunchScreen;
				INFOPLIST_KEY_UIMainStoryboardFile = LaunchScreen;
				INFOPLIST_KEY_UISupportedInterfaceOrientations_iPad = "UIInterfaceOrientationPortrait UIInterfaceOrientationPortraitUpsideDown UIInterfaceOrientationLandscapeLeft UIInterfaceOrientationLandscapeRight";
				INFOPLIST_KEY_UISupportedInterfaceOrientations_iPhone = "UIInterfaceOrientationPortrait UIInterfaceOrientationLandscapeLeft UIInterfaceOrientationLandscapeRight";
				LD_RUNPATH_SEARCH_PATHS = (
					"$(inherited)",
					"@executable_path/Frameworks",
				);
				MARKETING_VERSION = 1.0;
				PRODUCT_BUNDLE_IDENTIFIER = okan.chattingApp;
				PRODUCT_NAME = "$(TARGET_NAME)";
				SWIFT_EMIT_LOC_STRINGS = YES;
				SWIFT_VERSION = 5.0;
				TARGETED_DEVICE_FAMILY = "1,2";
			};
			name = Release;
		};
		FA29DE2829A2159400D032B7 /* Debug */ = {
			isa = XCBuildConfiguration;
			baseConfigurationReference = B2A27E12613B633B637F45B7 /* Pods-chattingAppTests.debug.xcconfig */;
			buildSettings = {
				ALWAYS_EMBED_SWIFT_STANDARD_LIBRARIES = YES;
				BUNDLE_LOADER = "$(TEST_HOST)";
				CODE_SIGN_STYLE = Automatic;
				CURRENT_PROJECT_VERSION = 1;
				GENERATE_INFOPLIST_FILE = YES;
				IPHONEOS_DEPLOYMENT_TARGET = 15.5;
				MARKETING_VERSION = 1.0;
				PRODUCT_BUNDLE_IDENTIFIER = okan.chattingAppTests;
				PRODUCT_NAME = "$(TARGET_NAME)";
				SWIFT_EMIT_LOC_STRINGS = NO;
				SWIFT_VERSION = 5.0;
				TARGETED_DEVICE_FAMILY = "1,2";
				TEST_HOST = "$(BUILT_PRODUCTS_DIR)/chattingApp.app/chattingApp";
			};
			name = Debug;
		};
		FA29DE2929A2159400D032B7 /* Release */ = {
			isa = XCBuildConfiguration;
			baseConfigurationReference = 5D727F03B23BC7E6EB6C2CD6 /* Pods-chattingAppTests.release.xcconfig */;
			buildSettings = {
				ALWAYS_EMBED_SWIFT_STANDARD_LIBRARIES = YES;
				BUNDLE_LOADER = "$(TEST_HOST)";
				CODE_SIGN_STYLE = Automatic;
				CURRENT_PROJECT_VERSION = 1;
				GENERATE_INFOPLIST_FILE = YES;
				IPHONEOS_DEPLOYMENT_TARGET = 15.5;
				MARKETING_VERSION = 1.0;
				PRODUCT_BUNDLE_IDENTIFIER = okan.chattingAppTests;
				PRODUCT_NAME = "$(TARGET_NAME)";
				SWIFT_EMIT_LOC_STRINGS = NO;
				SWIFT_VERSION = 5.0;
				TARGETED_DEVICE_FAMILY = "1,2";
				TEST_HOST = "$(BUILT_PRODUCTS_DIR)/chattingApp.app/chattingApp";
			};
			name = Release;
		};
		FA29DE2B29A2159400D032B7 /* Debug */ = {
			isa = XCBuildConfiguration;
			baseConfigurationReference = 3BD2CD321A2F78B62F9B6B38 /* Pods-chattingApp-chattingAppUITests.debug.xcconfig */;
			buildSettings = {
				ALWAYS_EMBED_SWIFT_STANDARD_LIBRARIES = YES;
				CODE_SIGN_STYLE = Automatic;
				CURRENT_PROJECT_VERSION = 1;
				GENERATE_INFOPLIST_FILE = YES;
				MARKETING_VERSION = 1.0;
				PRODUCT_BUNDLE_IDENTIFIER = okan.chattingAppUITests;
				PRODUCT_NAME = "$(TARGET_NAME)";
				SWIFT_EMIT_LOC_STRINGS = NO;
				SWIFT_VERSION = 5.0;
				TARGETED_DEVICE_FAMILY = "1,2";
				TEST_TARGET_NAME = chattingApp;
			};
			name = Debug;
		};
		FA29DE2C29A2159400D032B7 /* Release */ = {
			isa = XCBuildConfiguration;
			baseConfigurationReference = EC5F110B58DCF747CB520B52 /* Pods-chattingApp-chattingAppUITests.release.xcconfig */;
			buildSettings = {
				ALWAYS_EMBED_SWIFT_STANDARD_LIBRARIES = YES;
				CODE_SIGN_STYLE = Automatic;
				CURRENT_PROJECT_VERSION = 1;
				GENERATE_INFOPLIST_FILE = YES;
				MARKETING_VERSION = 1.0;
				PRODUCT_BUNDLE_IDENTIFIER = okan.chattingAppUITests;
				PRODUCT_NAME = "$(TARGET_NAME)";
				SWIFT_EMIT_LOC_STRINGS = NO;
				SWIFT_VERSION = 5.0;
				TARGETED_DEVICE_FAMILY = "1,2";
				TEST_TARGET_NAME = chattingApp;
			};
			name = Release;
		};
/* End XCBuildConfiguration section */

/* Begin XCConfigurationList section */
		FA29DDF529A2158E00D032B7 /* Build configuration list for PBXProject "chattingApp" */ = {
			isa = XCConfigurationList;
			buildConfigurations = (
				FA29DE2229A2159400D032B7 /* Debug */,
				FA29DE2329A2159400D032B7 /* Release */,
			);
			defaultConfigurationIsVisible = 0;
			defaultConfigurationName = Release;
		};
		FA29DE2429A2159400D032B7 /* Build configuration list for PBXNativeTarget "chattingApp" */ = {
			isa = XCConfigurationList;
			buildConfigurations = (
				FA29DE2529A2159400D032B7 /* Debug */,
				FA29DE2629A2159400D032B7 /* Release */,
			);
			defaultConfigurationIsVisible = 0;
			defaultConfigurationName = Release;
		};
		FA29DE2729A2159400D032B7 /* Build configuration list for PBXNativeTarget "chattingAppTests" */ = {
			isa = XCConfigurationList;
			buildConfigurations = (
				FA29DE2829A2159400D032B7 /* Debug */,
				FA29DE2929A2159400D032B7 /* Release */,
			);
			defaultConfigurationIsVisible = 0;
			defaultConfigurationName = Release;
		};
		FA29DE2A29A2159400D032B7 /* Build configuration list for PBXNativeTarget "chattingAppUITests" */ = {
			isa = XCConfigurationList;
			buildConfigurations = (
				FA29DE2B29A2159400D032B7 /* Debug */,
				FA29DE2C29A2159400D032B7 /* Release */,
			);
			defaultConfigurationIsVisible = 0;
			defaultConfigurationName = Release;
		};
/* End XCConfigurationList section */
	};
	rootObject = FA29DDF229A2158E00D032B7 /* Project object */;
}
